{
  "nodes": {
    "arch-theme": {
      "flake": false,
      "locked": {
        "lastModified": 1632168399,
        "narHash": "sha256-xDIBXa+gpPTYMqpEhpFbatw8qFwYE/Uxb+hz5AL/GXc=",
        "owner": "rkstrdee",
        "repo": "Arch",
        "rev": "14ab5e53e6fe6b18ffcaba2194c8748e858e6024",
        "type": "github"
      },
      "original": {
        "owner": "rkstrdee",
        "repo": "Arch",
        "type": "github"
      }
    },
    "btf": {
      "flake": false,
      "locked": {
        "lastModified": 1659411664,
        "narHash": "sha256-jBbm0wTNZ7jSoGFxRkTz96QHpc5ViAw9RGsRBkCQEIU=",
        "owner": "oh-my-fish",
        "repo": "theme-bobthefish",
        "rev": "2dcfcab653ae69ae95ab57217fe64c97ae05d8de",
        "type": "github"
      },
      "original": {
        "owner": "oh-my-fish",
        "repo": "theme-bobthefish",
        "type": "github"
      }
    },
    "chili": {
      "flake": false,
      "locked": {
        "lastModified": 1541444309,
        "narHash": "sha256-fWRf96CPRQ2FRkSDtD+N/baZv+HZPO48CfU5Subt854=",
        "owner": "MarianArlt",
        "repo": "kde-plasma-chili",
        "rev": "a371123959676f608f01421398f7400a2f01ae06",
        "type": "github"
      },
      "original": {
        "owner": "MarianArlt",
        "repo": "kde-plasma-chili",
        "type": "github"
      }
    },
    "flake-compat": {
      "flake": false,
      "locked": {
        "lastModified": 1650374568,
        "narHash": "sha256-Z+s0J8/r907g149rllvwhb4pKi8Wam5ij0st8PwAh+E=",
        "owner": "edolstra",
        "repo": "flake-compat",
        "rev": "b4a34015c698c7793d592d66adbab377907a2be8",
        "type": "github"
      },
      "original": {
        "owner": "edolstra",
        "repo": "flake-compat",
        "type": "github"
      }
    },
    "home-manager": {
      "inputs": {
        "nixpkgs": "nixpkgs",
        "utils": "utils"
      },
      "locked": {
        "lastModified": 1669724748,
        "narHash": "sha256-lXt0GnHogW63B8EQGME9ERkoCPqwUQtOG/qF20clfUw=",
        "owner": "nix-community",
        "repo": "home-manager",
        "rev": "cd2a826f33ee96f705e8c07b01fd1346b2eccbc0",
        "type": "github"
      },
      "original": {
        "owner": "nix-community",
        "repo": "home-manager",
        "type": "github"
      }
    },
    "impermanence": {
      "locked": {
        "lastModified": 1668668915,
        "narHash": "sha256-QjY4ZZbs9shwO4LaLpvlU2bO9J1juYhO9NtV3nrbnYQ=",
        "owner": "nix-community",
        "repo": "impermanence",
        "rev": "5df9108b346f8a42021bf99e50de89c9caa251c3",
        "type": "github"
      },
      "original": {
        "owner": "nix-community",
        "repo": "impermanence",
        "type": "github"
      }
    },
    "libnbtplusplus": {
      "flake": false,
      "locked": {
        "lastModified": 1650031308,
        "narHash": "sha256-TvVOjkUobYJD9itQYueELJX3wmecvEdCbJ0FinW2mL4=",
        "owner": "PrismLauncher",
        "repo": "libnbtplusplus",
        "rev": "2203af7eeb48c45398139b583615134efd8d407f",
        "type": "github"
      },
      "original": {
        "owner": "PrismLauncher",
        "repo": "libnbtplusplus",
        "type": "github"
      }
    },
    "librewolfConfig": {
      "flake": false,
      "locked": {
        "lastModified": 1669642964,
        "narHash": "sha256-Bz/QfpQyQ+NiAp0bRXK2C+oDVkSX7g5CtfoTLR06pds=",
        "ref": "refs/heads/master",
        "rev": "c5f0ea92ef5e9fabc16a89ea2c6e3ff71d9f8537",
        "revCount": 206,
        "type": "git",
        "url": "https://gitlab.com/librewolf-community/settings"
      },
      "original": {
        "type": "git",
        "url": "https://gitlab.com/librewolf-community/settings"
      }
    },
    "nixlib": {
      "locked": {
        "lastModified": 1636849918,
        "narHash": "sha256-nzUK6dPcTmNVrgTAC1EOybSMsrcx+QrVPyqRdyKLkjA=",
        "owner": "nix-community",
        "repo": "nixpkgs.lib",
        "rev": "28a5b0557f14124608db68d3ee1f77e9329e9dd5",
        "type": "github"
      },
      "original": {
        "owner": "nix-community",
        "repo": "nixpkgs.lib",
        "type": "github"
      }
    },
    "nixos-generators": {
      "inputs": {
        "nixlib": "nixlib",
        "nixpkgs": [
          "nixpkgs"
        ]
      },
      "locked": {
        "lastModified": 1669065280,
        "narHash": "sha256-3+pq1oJWjGDLfd8G/vR3IIFZ+EQ/aglukA0bTiMlf3o=",
        "owner": "nix-community",
        "repo": "nixos-generators",
        "rev": "50aeec40f2072d2ab267c8ec8a345573704ec110",
        "type": "github"
      },
      "original": {
        "owner": "nix-community",
        "repo": "nixos-generators",
        "type": "github"
      }
    },
    "nixpkgs": {
      "locked": {
        "lastModified": 1669052418,
        "narHash": "sha256-M1I4BKXBQm2gey1tScemEh5TpHHE3gKptL7BpWUvL8s=",
        "owner": "nixos",
        "repo": "nixpkgs",
        "rev": "20fc948445a6c22d4e8d5178e9a6bc6e1f5417c8",
        "type": "github"
      },
      "original": {
        "owner": "nixos",
        "ref": "nixos-unstable",
        "repo": "nixpkgs",
        "type": "github"
      }
    },
    "nixpkgs-old": {
      "locked": {
        "lastModified": 1669546925,
        "narHash": "sha256-Gvtk9agz88tBgqmCdHl5U7gYttTkiuEd8/Rq1Im0pTg=",
        "owner": "NixOS",
        "repo": "nixpkgs",
        "rev": "fecf05d4861f3985e8dee73f08bc82668ef75125",
        "type": "github"
      },
      "original": {
        "owner": "NixOS",
        "ref": "nixos-22.05",
        "repo": "nixpkgs",
        "type": "github"
      }
    },
    "nixpkgs_2": {
      "locked": {
        "lastModified": 1669542132,
        "narHash": "sha256-DRlg++NJAwPh8io3ExBJdNW7Djs3plVI5jgYQ+iXAZQ=",
        "owner": "NixOS",
        "repo": "nixpkgs",
        "rev": "a115bb9bd56831941be3776c8a94005867f316a7",
        "type": "github"
      },
      "original": {
        "owner": "NixOS",
        "ref": "nixos-unstable",
        "repo": "nixpkgs",
        "type": "github"
      }
    },
    "nixpkgs_3": {
      "locked": {
        "lastModified": 1666057921,
        "narHash": "sha256-VpQqtXdj6G7cH//SvoprjR7XT3KS7p+tCVebGK1N6tE=",
        "owner": "nixos",
        "repo": "nixpkgs",
        "rev": "88eab1e431cabd0ed621428d8b40d425a07af39f",
        "type": "github"
      },
      "original": {
        "owner": "nixos",
        "ref": "nixpkgs-unstable",
        "repo": "nixpkgs",
        "type": "github"
      }
    },
    "nur": {
      "locked": {
        "lastModified": 1669725410,
        "narHash": "sha256-2pWGyQIYXf494NwhfxgiX6dGyCI3Fa9aJw1kt69ifjQ=",
        "owner": "nix-community",
        "repo": "NUR",
        "rev": "b21a304b8b59df9bddce08de18b47572893cbae6",
        "type": "github"
      },
      "original": {
        "owner": "nix-community",
        "repo": "NUR",
        "type": "github"
      }
    },
    "papirus": {
      "flake": false,
      "locked": {
        "lastModified": 1669553949,
        "narHash": "sha256-oGi2ILsDyPpjXkefTa0CvvWQ22PKZ+EOXeiITB3otoQ=",
        "owner": "PapirusDevelopmentTeam",
        "repo": "papirus-icon-theme",
        "rev": "ae39e31297fec55a4002975653e5139f1f92dcb7",
        "type": "github"
      },
      "original": {
        "owner": "PapirusDevelopmentTeam",
        "repo": "papirus-icon-theme",
        "type": "github"
      }
    },
    "prismlauncher": {
      "inputs": {
        "flake-compat": "flake-compat",
        "libnbtplusplus": "libnbtplusplus",
        "nixpkgs": "nixpkgs_3",
        "tomlplusplus": "tomlplusplus"
      },
      "locked": {
        "lastModified": 1669485723,
        "narHash": "sha256-b9nI+PD7sWTDDbqn7m/CPwZzgMIOy4d0CXS01dSQF0M=",
        "owner": "PrismLauncher",
        "repo": "PrismLauncher",
        "rev": "cc92e1b0b6293a5c198b34554e68440a82e6074c",
        "type": "github"
      },
      "original": {
        "owner": "PrismLauncher",
        "repo": "PrismLauncher",
        "type": "github"
      }
    },
    "program-extensions": {
      "flake": false,
      "locked": {
        "lastModified": 1669734254,
        "narHash": "sha256-FnvCATy/qUyVvZFslH+oUbtmpxbCyy4hDBALtsQGGDo=",
        "owner": "tnichols217",
        "repo": "nixos-program-extensions",
        "rev": "ea3a106886e94bb5a927570b4968548670339141",
        "type": "github"
      },
      "original": {
        "owner": "tnichols217",
        "repo": "nixos-program-extensions",
        "type": "github"
      }
    },
    "root": {
      "inputs": {
        "arch-theme": "arch-theme",
        "btf": "btf",
        "chili": "chili",
        "home-manager": "home-manager",
        "impermanence": "impermanence",
        "librewolfConfig": "librewolfConfig",
        "nixos-generators": "nixos-generators",
        "nixpkgs": "nixpkgs_2",
        "nixpkgs-old": "nixpkgs-old",
        "nur": "nur",
        "papirus": "papirus",
        "prismlauncher": "prismlauncher",
        "program-extensions": "program-extensions"
      }
    },
    "tomlplusplus": {
      "flake": false,
      "locked": {
        "lastModified": 1666091090,
        "narHash": "sha256-djpMCFPvkJcfynV8WnsYdtwLq+J7jpV1iM4C6TojiyM=",
        "owner": "marzer",
        "repo": "tomlplusplus",
        "rev": "1e4a3833d013aee08f58c5b31c69f709afc69f73",
        "type": "github"
      },
      "original": {
        "owner": "marzer",
        "repo": "tomlplusplus",
        "type": "github"
      }
    },
    "utils": {
      "locked": {
        "lastModified": 1667395993,
        "narHash": "sha256-nuEHfE/LcWyuSWnS8t12N1wc105Qtau+/OdUAjtQ0rA=",
        "owner": "numtide",
        "repo": "flake-utils",
        "rev": "5aed5285a952e0b949eb3ba02c12fa4fcfef535f",
        "type": "github"
      },
      "original": {
        "owner": "numtide",
        "repo": "flake-utils",
        "type": "github"
      }
    }
  },
  "root": "root",
  "version": 7
}
