{
  "nodes": {
    "arch-theme": {
      "flake": false,
      "locked": {
        "lastModified": 1632168399,
        "narHash": "sha256-xDIBXa+gpPTYMqpEhpFbatw8qFwYE/Uxb+hz5AL/GXc=",
        "owner": "rkstrdee",
        "repo": "Arch",
        "rev": "14ab5e53e6fe6b18ffcaba2194c8748e858e6024",
        "type": "github"
      },
      "original": {
        "owner": "rkstrdee",
        "repo": "Arch",
        "type": "github"
      }
    },
    "btf": {
      "flake": false,
      "locked": {
        "lastModified": 1659411664,
        "narHash": "sha256-jBbm0wTNZ7jSoGFxRkTz96QHpc5ViAw9RGsRBkCQEIU=",
        "owner": "oh-my-fish",
        "repo": "theme-bobthefish",
        "rev": "2dcfcab653ae69ae95ab57217fe64c97ae05d8de",
        "type": "github"
      },
      "original": {
        "owner": "oh-my-fish",
        "repo": "theme-bobthefish",
        "type": "github"
      }
    },
    "chili": {
      "flake": false,
      "locked": {
        "lastModified": 1541444309,
        "narHash": "sha256-fWRf96CPRQ2FRkSDtD+N/baZv+HZPO48CfU5Subt854=",
        "owner": "MarianArlt",
        "repo": "kde-plasma-chili",
        "rev": "a371123959676f608f01421398f7400a2f01ae06",
        "type": "github"
      },
      "original": {
        "owner": "MarianArlt",
        "repo": "kde-plasma-chili",
        "type": "github"
      }
    },
    "flake-compat": {
      "flake": false,
      "locked": {
        "lastModified": 1668681692,
        "narHash": "sha256-Ht91NGdewz8IQLtWZ9LCeNXMSXHUss+9COoqu6JLmXU=",
        "owner": "edolstra",
        "repo": "flake-compat",
        "rev": "009399224d5e398d03b22badca40a37ac85412a1",
        "type": "github"
      },
      "original": {
        "owner": "edolstra",
        "repo": "flake-compat",
        "type": "github"
      }
    },
    "flake-utils": {
      "locked": {
        "lastModified": 1659877975,
        "narHash": "sha256-zllb8aq3YO3h8B/U0/J1WBgAL8EX5yWf5pMj3G0NAmc=",
        "owner": "numtide",
        "repo": "flake-utils",
        "rev": "c0e246b9b83f637f4681389ecabcb2681b4f3af0",
        "type": "github"
      },
      "original": {
        "owner": "numtide",
        "repo": "flake-utils",
        "type": "github"
      }
    },
    "home-manager": {
      "inputs": {
        "nixpkgs": "nixpkgs",
        "utils": "utils"
      },
      "locked": {
        "lastModified": 1674771519,
        "narHash": "sha256-U0W3S1nX6yEvLh3Vq70EORbmXecAKXfmEfCfaA4A+I8=",
        "owner": "nix-community",
        "repo": "home-manager",
        "rev": "bb4b25b302dbf0f527f190461b080b5262871756",
        "type": "github"
      },
      "original": {
        "owner": "nix-community",
        "repo": "home-manager",
        "type": "github"
      }
    },
    "impermanence": {
      "locked": {
        "lastModified": 1668668915,
        "narHash": "sha256-QjY4ZZbs9shwO4LaLpvlU2bO9J1juYhO9NtV3nrbnYQ=",
        "owner": "nix-community",
        "repo": "impermanence",
        "rev": "5df9108b346f8a42021bf99e50de89c9caa251c3",
        "type": "github"
      },
      "original": {
        "owner": "nix-community",
        "repo": "impermanence",
        "type": "github"
      }
    },
    "libnbtplusplus": {
      "flake": false,
      "locked": {
        "lastModified": 1650031308,
        "narHash": "sha256-TvVOjkUobYJD9itQYueELJX3wmecvEdCbJ0FinW2mL4=",
        "owner": "PrismLauncher",
        "repo": "libnbtplusplus",
        "rev": "2203af7eeb48c45398139b583615134efd8d407f",
        "type": "github"
      },
      "original": {
        "owner": "PrismLauncher",
        "repo": "libnbtplusplus",
        "type": "github"
      }
    },
    "librewolfConfig": {
      "flake": false,
      "locked": {
        "lastModified": 1674779874,
        "narHash": "sha256-SYqyYU1mC60fk8RaJaMROe5VcrxJeHuJR4h/3XVsc1U=",
        "ref": "refs/heads/master",
        "rev": "e417584a74814cf99de6605597af74edb5bd8726",
        "revCount": 214,
        "type": "git",
        "url": "https://gitlab.com/librewolf-community/settings.git/"
      },
      "original": {
        "type": "git",
        "url": "https://gitlab.com/librewolf-community/settings.git/"
      }
    },
    "nixlib": {
      "locked": {
        "lastModified": 1636849918,
        "narHash": "sha256-nzUK6dPcTmNVrgTAC1EOybSMsrcx+QrVPyqRdyKLkjA=",
        "owner": "nix-community",
        "repo": "nixpkgs.lib",
        "rev": "28a5b0557f14124608db68d3ee1f77e9329e9dd5",
        "type": "github"
      },
      "original": {
        "owner": "nix-community",
        "repo": "nixpkgs.lib",
        "type": "github"
      }
    },
    "nixos-generators": {
      "inputs": {
        "nixlib": "nixlib",
        "nixpkgs": [
          "nixpkgs"
        ]
      },
      "locked": {
        "lastModified": 1674666581,
        "narHash": "sha256-KNI2s/xrL7WOYaPJAWKBtb7cCH3335rLfsL+B+ssuGY=",
        "owner": "nix-community",
        "repo": "nixos-generators",
        "rev": "6a5dc1d3d557ea7b5c19b15ff91955124d0400fa",
        "type": "github"
      },
      "original": {
        "owner": "nix-community",
        "repo": "nixos-generators",
        "type": "github"
      }
    },
    "nixpkgs": {
      "locked": {
        "lastModified": 1674211260,
        "narHash": "sha256-xU6Rv9sgnwaWK7tgCPadV6HhI2Y/fl4lKxJoG2+m9qs=",
        "owner": "nixos",
        "repo": "nixpkgs",
        "rev": "5ed481943351e9fd354aeb557679624224de38d5",
        "type": "github"
      },
      "original": {
        "owner": "nixos",
        "ref": "nixos-unstable",
        "repo": "nixpkgs",
        "type": "github"
      }
    },
    "nixpkgs_2": {
      "locked": {
        "lastModified": 1674641431,
        "narHash": "sha256-qfo19qVZBP4qn5M5gXc/h1MDgAtPA5VxJm9s8RUAkVk=",
        "owner": "NixOS",
        "repo": "nixpkgs",
        "rev": "9b97ad7b4330aacda9b2343396eb3df8a853b4fc",
        "type": "github"
      },
      "original": {
        "owner": "NixOS",
        "ref": "nixos-unstable",
        "repo": "nixpkgs",
        "type": "github"
      }
    },
    "nixpkgs_3": {
      "locked": {
        "lastModified": 1671417167,
        "narHash": "sha256-JkHam6WQOwZN1t2C2sbp1TqMv3TVRjzrdoejqfefwrM=",
        "owner": "nixos",
        "repo": "nixpkgs",
        "rev": "bb31220cca6d044baa6dc2715b07497a2a7c4bc7",
        "type": "github"
      },
      "original": {
        "owner": "nixos",
        "ref": "nixpkgs-unstable",
        "repo": "nixpkgs",
        "type": "github"
      }
    },
    "nixpkgs_4": {
      "locked": {
        "lastModified": 1659987637,
        "narHash": "sha256-8l+5QiCkackVPu/F3vX7RCKHyYKxEsq/TKMuaG6UX5k=",
        "owner": "NixOS",
        "repo": "nixpkgs",
        "rev": "a47896bf817e7324471e687fc2bb2312fff682ce",
        "type": "github"
      },
      "original": {
        "owner": "NixOS",
        "ref": "nixpkgs-unstable",
        "repo": "nixpkgs",
        "type": "github"
      }
    },
    "nur": {
      "locked": {
        "lastModified": 1674771478,
        "narHash": "sha256-WI5CNBN3ys5vUcfUvpVIfU4lYm3b5Oon8sbJnNG1nK8=",
        "owner": "nix-community",
        "repo": "NUR",
        "rev": "2d809d91d70e26e983d61a50546947f3189d05bb",
        "type": "github"
      },
      "original": {
        "owner": "nix-community",
        "repo": "NUR",
        "type": "github"
      }
    },
    "papirus": {
      "flake": false,
      "locked": {
        "lastModified": 1674303509,
        "narHash": "sha256-D+HPHfBq1t+kivQteX+Pp5vW9YG4BzPe2XKjGGLKFK4=",
        "owner": "PapirusDevelopmentTeam",
        "repo": "papirus-icon-theme",
        "rev": "c9da0c4659c95f83e3417b26a27307e76257f3a9",
        "type": "github"
      },
      "original": {
        "owner": "PapirusDevelopmentTeam",
        "repo": "papirus-icon-theme",
        "type": "github"
      }
    },
    "prismlauncher": {
      "inputs": {
        "flake-compat": "flake-compat",
        "libnbtplusplus": "libnbtplusplus",
        "nixpkgs": "nixpkgs_3"
      },
      "locked": {
        "lastModified": 1674756928,
        "narHash": "sha256-s3JJbAeoIyBWnjRXmNFdw4lpzqjfm9LTYeTfuFFXm+s=",
        "owner": "PrismLauncher",
        "repo": "PrismLauncher",
        "rev": "f705cf09bce828ea2f8bae918673c1d921713866",
        "type": "github"
      },
      "original": {
        "owner": "PrismLauncher",
        "repo": "PrismLauncher",
        "type": "github"
      }
    },
    "program-extensions": {
      "inputs": {
        "flake-utils": "flake-utils",
        "nixpkgs": "nixpkgs_4"
      },
      "locked": {
        "lastModified": 1674148530,
        "narHash": "sha256-kWH0xovzVy07tZRlFaPgGvGgzOrn2ykgouk4iSd2vXA=",
        "owner": "tnichols217",
        "repo": "nixos-program-extensions",
        "rev": "f2b0230fb6633f4b41294f647a96d7d4fde5e28e",
        "type": "github"
      },
      "original": {
        "owner": "tnichols217",
        "repo": "nixos-program-extensions",
        "type": "github"
      }
    },
    "root": {
      "inputs": {
        "arch-theme": "arch-theme",
        "btf": "btf",
        "chili": "chili",
        "home-manager": "home-manager",
        "impermanence": "impermanence",
        "librewolfConfig": "librewolfConfig",
        "nixos-generators": "nixos-generators",
        "nixpkgs": "nixpkgs_2",
        "nur": "nur",
        "papirus": "papirus",
        "prismlauncher": "prismlauncher",
        "program-extensions": "program-extensions"
      }
    },
    "utils": {
      "locked": {
        "lastModified": 1667395993,
        "narHash": "sha256-nuEHfE/LcWyuSWnS8t12N1wc105Qtau+/OdUAjtQ0rA=",
        "owner": "numtide",
        "repo": "flake-utils",
        "rev": "5aed5285a952e0b949eb3ba02c12fa4fcfef535f",
        "type": "github"
      },
      "original": {
        "owner": "numtide",
        "repo": "flake-utils",
        "type": "github"
      }
    }
  },
  "root": "root",
  "version": 7
}
