{
  "nodes": {
    "arch-theme": {
      "flake": false,
      "locked": {
        "lastModified": 1632168399,
        "narHash": "sha256-xDIBXa+gpPTYMqpEhpFbatw8qFwYE/Uxb+hz5AL/GXc=",
        "owner": "rkstrdee",
        "repo": "Arch",
        "rev": "14ab5e53e6fe6b18ffcaba2194c8748e858e6024",
        "type": "github"
      },
      "original": {
        "owner": "rkstrdee",
        "repo": "Arch",
        "type": "github"
      }
    },
    "btf": {
      "flake": false,
      "locked": {
        "lastModified": 1659411664,
        "narHash": "sha256-jBbm0wTNZ7jSoGFxRkTz96QHpc5ViAw9RGsRBkCQEIU=",
        "owner": "oh-my-fish",
        "repo": "theme-bobthefish",
        "rev": "2dcfcab653ae69ae95ab57217fe64c97ae05d8de",
        "type": "github"
      },
      "original": {
        "owner": "oh-my-fish",
        "repo": "theme-bobthefish",
        "type": "github"
      }
    },
    "chili": {
      "flake": false,
      "locked": {
        "lastModified": 1541444309,
        "narHash": "sha256-fWRf96CPRQ2FRkSDtD+N/baZv+HZPO48CfU5Subt854=",
        "owner": "MarianArlt",
        "repo": "kde-plasma-chili",
        "rev": "a371123959676f608f01421398f7400a2f01ae06",
        "type": "github"
      },
      "original": {
        "owner": "MarianArlt",
        "repo": "kde-plasma-chili",
        "type": "github"
      }
    },
    "home-manager": {
      "inputs": {
        "nixpkgs": "nixpkgs",
        "utils": "utils"
      },
      "locked": {
        "lastModified": 1663328500,
        "narHash": "sha256-7n+J/exp8ky4dmk02y5a9R7CGmJvHpzrHMzfEkMtSWA=",
        "owner": "nix-community",
        "repo": "home-manager",
        "rev": "5427f3d1f0ea4357cd4af0bffee7248d640c6ffc",
        "type": "github"
      },
      "original": {
        "owner": "nix-community",
        "repo": "home-manager",
        "type": "github"
      }
    },
    "impermanence": {
      "locked": {
        "lastModified": 1661933071,
        "narHash": "sha256-RFgfzldpbCvS+H2qwH+EvNejvqs+NhPVD5j1I7HQQPY=",
        "owner": "nix-community",
        "repo": "impermanence",
        "rev": "def994adbdfc28974e87b0e4c949e776207d5557",
        "type": "github"
      },
      "original": {
        "owner": "nix-community",
        "repo": "impermanence",
        "type": "github"
      }
    },
    "librewolfConfig": {
      "flake": false,
      "locked": {
        "lastModified": 1661297607,
        "narHash": "sha256-IvgN44FjwCR9+ym/1VH3an1a8TBFQNmKitdXuUx9y7k=",
        "ref": "refs/heads/master",
        "rev": "49a705f835e1438372fbdf1a779fbc5846212a68",
        "revCount": 193,
        "type": "git",
        "url": "https://gitlab.com/librewolf-community/settings"
      },
      "original": {
        "type": "git",
        "url": "https://gitlab.com/librewolf-community/settings"
      }
    },
    "nixlib": {
      "locked": {
        "lastModified": 1636849918,
        "narHash": "sha256-nzUK6dPcTmNVrgTAC1EOybSMsrcx+QrVPyqRdyKLkjA=",
        "owner": "nix-community",
        "repo": "nixpkgs.lib",
        "rev": "28a5b0557f14124608db68d3ee1f77e9329e9dd5",
        "type": "github"
      },
      "original": {
        "owner": "nix-community",
        "repo": "nixpkgs.lib",
        "type": "github"
      }
    },
    "nixos-generators": {
      "inputs": {
        "nixlib": "nixlib",
        "nixpkgs": [
          "nixpkgs"
        ]
      },
      "locked": {
        "lastModified": 1660727616,
        "narHash": "sha256-zYTIvdPMYMx/EYqXODAwIIU30RiEHqNHdgarIHuEYZc=",
        "owner": "nix-community",
        "repo": "nixos-generators",
        "rev": "adccd191a0e83039d537e021f19495b7bad546a1",
        "type": "github"
      },
      "original": {
        "owner": "nix-community",
        "repo": "nixos-generators",
        "type": "github"
      }
    },
    "nixpkgs": {
      "locked": {
        "lastModified": 1662996720,
        "narHash": "sha256-XvLQ3SuXnDMJMpM1sv1ifPjBuRytiDYhB12H/BNTjgY=",
        "owner": "nixos",
        "repo": "nixpkgs",
        "rev": "5f326e2a403e1cebaec378e72ceaf5725983376d",
        "type": "github"
      },
      "original": {
        "owner": "nixos",
        "ref": "nixos-unstable",
        "repo": "nixpkgs",
        "type": "github"
      }
    },
    "nixpkgs-old": {
      "locked": {
        "lastModified": 1663244735,
        "narHash": "sha256-+EukKkeAx6ithOLM1u5x4D12ZFuoi6vpPYjhNDmLz1o=",
        "owner": "NixOS",
        "repo": "nixpkgs",
        "rev": "178fea1414ae708a5704490f4c49ec3320be9815",
        "type": "github"
      },
      "original": {
        "owner": "NixOS",
        "ref": "nixos-22.05",
        "repo": "nixpkgs",
        "type": "github"
      }
    },
    "nixpkgs_2": {
      "locked": {
        "lastModified": 1663268520,
        "narHash": "sha256-Jf6wkoMOhWUdx9d9UarWHExvOUDzVa98OsPYvbNLVYo=",
        "owner": "NixOS",
        "repo": "nixpkgs",
        "rev": "823e2c9b0a0ec8b61b6583f48338072f137b6889",
        "type": "github"
      },
      "original": {
        "owner": "NixOS",
        "ref": "nixos-unstable",
        "repo": "nixpkgs",
        "type": "github"
      }
    },
    "nur": {
      "locked": {
        "lastModified": 1663433586,
        "narHash": "sha256-oiJtjVErUFqtmfbjkGS0oCbewiWIKg4FWS/ukoaEkl4=",
        "owner": "nix-community",
        "repo": "NUR",
        "rev": "f69efff5d2b17cddee66a28b7cea27dffb35d4aa",
        "type": "github"
      },
      "original": {
        "owner": "nix-community",
        "repo": "NUR",
        "type": "github"
      }
    },
    "papirus": {
      "flake": false,
      "locked": {
        "lastModified": 1663318112,
        "narHash": "sha256-n1PMjEAmATQINeSrdWMWnJv0GwR/9XLB/raMXJCLIto=",
        "owner": "PapirusDevelopmentTeam",
        "repo": "papirus-icon-theme",
        "rev": "9c6fba831ec71c1c3551e7e31187d0b0d3abb78b",
        "type": "github"
      },
      "original": {
        "owner": "PapirusDevelopmentTeam",
        "repo": "papirus-icon-theme",
        "type": "github"
      }
    },
    "program-extensions": {
      "flake": false,
      "locked": {
        "lastModified": 1663432388,
        "narHash": "sha256-2AxIwyN3/qdBAgi04u5epgAZhKApX586ReS40rUCF+k=",
        "owner": "tnichols217",
        "repo": "nixos-program-extensions",
        "rev": "3727bf6642832b7021a0b81c0faab55c4aa8f251",
        "type": "github"
      },
      "original": {
        "owner": "tnichols217",
        "repo": "nixos-program-extensions",
        "type": "github"
      }
    },
    "root": {
      "inputs": {
        "arch-theme": "arch-theme",
        "btf": "btf",
        "chili": "chili",
        "home-manager": "home-manager",
        "impermanence": "impermanence",
        "librewolfConfig": "librewolfConfig",
        "nixos-generators": "nixos-generators",
        "nixpkgs": "nixpkgs_2",
        "nixpkgs-old": "nixpkgs-old",
        "nur": "nur",
        "papirus": "papirus",
        "program-extensions": "program-extensions"
      }
    },
    "utils": {
      "locked": {
        "lastModified": 1659877975,
        "narHash": "sha256-zllb8aq3YO3h8B/U0/J1WBgAL8EX5yWf5pMj3G0NAmc=",
        "owner": "numtide",
        "repo": "flake-utils",
        "rev": "c0e246b9b83f637f4681389ecabcb2681b4f3af0",
        "type": "github"
      },
      "original": {
        "owner": "numtide",
        "repo": "flake-utils",
        "type": "github"
      }
    }
  },
  "root": "root",
  "version": 7
}
